github.com/steven15project/greetings v1.5.0 h1:44g7l2s4IQr2oMW4Vw5D4Ook2gs0malwzVLrzmvVzpQ=
github.com/steven15project/greetings v1.5.0/go.mod h1:LJNaWTUSLyzdyuLryAMUfdWTbiTubHI9mRGXT/nGlLY=
github.com/steven15project/greetings v1.5.1 h1:E3AoETQhQn2xqgVHLj4xW+Hy6EoQRVG4PUm+RiTXiBA=
github.com/steven15project/greetings v1.5.1/go.mod h1:LJNaWTUSLyzdyuLryAMUfdWTbiTubHI9mRGXT/nGlLY=
